<?xml version="1.0" encoding="utf-8"?>
<Project ToolsVersion="4.0" xmlns="http://schemas.microsoft.com/developer/msbuild/2003">
  <ItemGroup>
    <ClCompile Include="$(MSBuildThisFileDirectory)XeSystemWinRT.cpp" />
    <ClCompile Include="$(MSBuildThisFileDirectory)XeSDK.WinShared\XeThread_Windows.cpp" />
    <ClCompile Include="$(MSBuildThisFileDirectory)XeSDK.WinShared\XeMemory_Windows.cpp" />
    <ClCompile Include="$(MSBuildThisFileDirectory)XeSDK.WinShared\XeStorageDirectory_Windows.cpp" />
    <ClCompile Include="$(MSBuildThisFileDirectory)XeSDK.WinShared\XeStorageFile_Windows.cpp" />
    <ClCompile Include="$(MSBuildThisFileDirectory)XeSDK.WinShared\XeTimer_Windows.cpp" />
    <ClCompile Include="$(MSBuildThisFileDirectory)UwpFrameView.cpp" />
  </ItemGroup>
  <ItemGroup>
    <ClInclude Include="$(MSBuildThisFileDirectory)UwpFrameView.h" />
    <ClInclude Include="$(MSBuildThisFileDirectory)WinRtUtilities.h" />
  </ItemGroup>
</Project>