
Microsoft Visual Studio Solution File, Format Version 12.00
# Visual Studio 15
VisualStudioVersion = 15.0.26510.0
MinimumVisualStudioVersion = 10.0.40219.1
Project("{2150E333-8FDC-42A3-9474-1A3956D46DE8}") = "XeSDK", "XeSDK", "{D2847274-0B1D-4D23-A1E9-38BFC02E4E43}"
EndProject
Project("{8BC9CEB8-8B4A-11D0-8D11-00A0C91BC942}") = "XeSDK.Shared", "src\XeSDK\XeSDK.Shared.vcxitems", "{26E3750A-FDF1-46FF-81EF-4031F3BE2D43}"
EndProject
Project("{8BC9CEB8-8B4A-11D0-8D11-00A0C91BC942}") = "XeSDK.Win32", "src\XeSDK\XeSDK.Win32\XeSDK.Win32.vcxproj", "{11F0CE85-E904-4231-A27C-F7FF076FC7FB}"
EndProject
Project("{8BC9CEB8-8B4A-11D0-8D11-00A0C91BC942}") = "XeSDK.Uwp", "src\XeSDK\XeSDK.Uwp\XeSDK.Uwp.vcxproj", "{EBF8450E-5107-4C6D-BD39-02044A25E4D0}"
EndProject
Project("{8BC9CEB8-8B4A-11D0-8D11-00A0C91BC942}") = "XeSDK.Durango", "src\XeSDK\XeSDK.Durango\XeSDK.Durango.vcxproj", "{44A7D243-08B1-4DFB-9FBA-3D470E121A53}"
EndProject
Project("{8BC9CEB8-8B4A-11D0-8D11-00A0C91BC942}") = "XeSDK.WinShared", "src\XeSDK\XeSDK.WinShared.vcxitems", "{EF4E1787-9547-4AEF-AF68-F75347D19383}"
EndProject
Project("{8BC9CEB8-8B4A-11D0-8D11-00A0C91BC942}") = "XeSDK.Shared.Unix", "src\XeSDK\XeSDK.Shared.Unix\XeSDK.Shared.Unix.vcxitems", "{1E4B9A2C-C668-4671-8B81-FE0F23326787}"
EndProject
Project("{8BC9CEB8-8B4A-11D0-8D11-00A0C91BC942}") = "XeSDK.Shared.Dummy", "src\XeSDK\XeSDK.Shared.Dummy\XeSDK.Shared.Dummy.vcxitems", "{23C41DE4-1F9C-4556-9391-532353102816}"
EndProject
Project("{2150E333-8FDC-42A3-9474-1A3956D46DE8}") = "Rendering Drivers", "Rendering Drivers", "{FA2D4871-A08A-473E-A308-DF740D2EEA59}"
EndProject
Project("{8BC9CEB8-8B4A-11D0-8D11-00A0C91BC942}") = "RenderingDriverNull", "src\RenderingDriver\RenderingDriverNull\RenderingDriverNull.vcxitems", "{DFD54352-B7AB-40E2-B9A8-8401488E02AE}"
EndProject
Project("{8BC9CEB8-8B4A-11D0-8D11-00A0C91BC942}") = "RenderingDriverD3D11", "src\RenderingDriver\RenderingDriverD3D11\RenderingDriverD3D11.vcxitems", "{32285449-9C04-4464-811F-8FE3F87A3914}"
EndProject
Project("{8BC9CEB8-8B4A-11D0-8D11-00A0C91BC942}") = "RenderingDriverGL", "src\RenderingDriver\RenderingDriverGL\RenderingDriverGL.vcxitems", "{BCC72797-7B82-4A1E-A85C-0DE87D9FD502}"
EndProject
Project("{2150E333-8FDC-42A3-9474-1A3956D46DE8}") = "Sound Drivers", "Sound Drivers", "{F76BC7A6-29D6-4290-BF04-DD6DAF9321B6}"
EndProject
Project("{8BC9CEB8-8B4A-11D0-8D11-00A0C91BC942}") = "SoundDriverXAudio", "src\SoundDriver\SoundDriverXAudio\SoundDriverXAudio.vcxitems", "{69D5BB40-2D91-407B-8B87-1089E02A4032}"
EndProject
Project("{2150E333-8FDC-42A3-9474-1A3956D46DE8}") = "Input Drivers", "Input Drivers", "{3F51B60D-7DFE-40B2-948A-251513107990}"
EndProject
Project("{8BC9CEB8-8B4A-11D0-8D11-00A0C91BC942}") = "InputDriverXInput", "src\InputDriver\InputDriverXInput\InputDriverXInput.vcxitems", "{D0662974-0A87-4CAF-9CDA-6C2A5FF1AB81}"
EndProject
Project("{8BC9CEB8-8B4A-11D0-8D11-00A0C91BC942}") = "InputDriverWindowsCustom", "src\InputDriver\InputDriverWindowsCustom\InputDriverWindowsCustom.vcxitems", "{69C0C0A8-0787-4BCD-993F-FBC1C05DD267}"
EndProject
Project("{8BC9CEB8-8B4A-11D0-8D11-00A0C91BC942}") = "GamePlatform.Steam", "src\GamePlatformDriver\GamePlatform.Steam\GamePlatform.Steam.vcxitems", "{DCCB15FF-2DA3-4CC6-A918-D5633E64D85C}"
EndProject
Project("{2150E333-8FDC-42A3-9474-1A3956D46DE8}") = "Third party libraries", "Third party libraries", "{BDA8E5A5-E6EB-4BAE-9152-9539646FDDC1}"
EndProject
Project("{8BC9CEB8-8B4A-11D0-8D11-00A0C91BC942}") = "winsdk", "src\ThirdParty\winsdk\winsdk.vcxitems", "{4385B406-A2EA-4DD0-9F9B-CFDBC27FC12E}"
EndProject
Project("{8BC9CEB8-8B4A-11D0-8D11-00A0C91BC942}") = "zlib", "src\ThirdParty\zlib\zlib.vcxitems", "{2CD3C38F-9921-4736-8AFE-0B8C947CD36F}"
EndProject
Project("{8BC9CEB8-8B4A-11D0-8D11-00A0C91BC942}") = "libpng", "src\ThirdParty\libpng\libpng.vcxitems", "{7745487A-B7CA-4073-B035-621710B56CD2}"
EndProject
Project("{8BC9CEB8-8B4A-11D0-8D11-00A0C91BC942}") = "tinyxml", "src\ThirdParty\tinyxml\tinyxml.vcxitems", "{9EDECEDC-1CC8-4E90-B8FA-C13233DFE317}"
EndProject
Project("{2150E333-8FDC-42A3-9474-1A3956D46DE8}") = "XeGame", "XeGame", "{888BD4A4-767A-4CE7-8DCF-996B476801AB}"
EndProject
Project("{8BC9CEB8-8B4A-11D0-8D11-00A0C91BC942}") = "XeGame", "src\XeGame\XeGame.vcxitems", "{364E7032-37E4-42B0-8617-FEDB3B7673B5}"
EndProject
Project("{8BC9CEB8-8B4A-11D0-8D11-00A0C91BC942}") = "XeGame.Win32", "src\XeGame\XeGame.Win32\XeGame.Win32.vcxproj", "{3FAC9736-EDC1-4C37-8178-876110DC7F89}"
EndProject
Project("{8BC9CEB8-8B4A-11D0-8D11-00A0C91BC942}") = "XeGame.Uwp", "src\XeGame\XeGame.Uwp\XeGame.Uwp.vcxproj", "{8BCB4471-511B-4C31-865C-D013788E73F7}"
EndProject
Project("{8BC9CEB8-8B4A-11D0-8D11-00A0C91BC942}") = "XeGame.Durango", "src\XeGame\XeGame.Durango\XeGame.Durango.vcxproj", "{5941D254-2BDC-4361-BBFD-7FF72FD9260B}"
EndProject
Project("{2150E333-8FDC-42A3-9474-1A3956D46DE8}") = "Solution Items", "Solution Items", "{871CA8C3-DE33-4429-A17B-18ADC52C5F8B}"
	ProjectSection(SolutionItems) = preProject
		CHANGELOG.md = CHANGELOG.md
	EndProjectSection
EndProject
Project("{8BC9CEB8-8B4A-11D0-8D11-00A0C91BC942}") = "SoundDriverNull", "src\SoundDriver\SoundDriverNull\SoundDriverNull.vcxitems", "{0F968996-A09C-4DDA-85CB-575A5ED8059D}"
EndProject
Project("{8BC9CEB8-8B4A-11D0-8D11-00A0C91BC942}") = "SoundDriverWasapi", "src\SoundDriver\SoundDriverWasapi\SoundDriverWasapi.vcxitems", "{CBA78208-5576-434F-BAC5-DA1B95461780}"
EndProject
Project("{2150E333-8FDC-42A3-9474-1A3956D46DE8}") = "Platform Drivers", "Platform Drivers", "{70F027B3-6B37-484C-9783-75C473393BC8}"
EndProject
Global
	GlobalSection(SharedMSBuildProjectFiles) = preSolution
		src\SoundDriver\SoundDriverNull\SoundDriverNull.vcxitems*{0f968996-a09c-4dda-85cb-575a5ed8059d}*SharedItemsImports = 9
		src\InputDriver\InputDriverWindowsCustom\InputDriverWindowsCustom.vcxitems*{11f0ce85-e904-4231-a27c-f7ff076fc7fb}*SharedItemsImports = 4
		src\InputDriver\InputDriverXInput\InputDriverXInput.vcxitems*{11f0ce85-e904-4231-a27c-f7ff076fc7fb}*SharedItemsImports = 4
		src\RenderingDriver\RenderingDriverD3D11\RenderingDriverD3D11.vcxitems*{11f0ce85-e904-4231-a27c-f7ff076fc7fb}*SharedItemsImports = 4
		src\RenderingDriver\RenderingDriverNull\RenderingDriverNull.vcxitems*{11f0ce85-e904-4231-a27c-f7ff076fc7fb}*SharedItemsImports = 4
		src\SoundDriver\SoundDriverNull\SoundDriverNull.vcxitems*{11f0ce85-e904-4231-a27c-f7ff076fc7fb}*SharedItemsImports = 4
		src\SoundDriver\SoundDriverWasapi\SoundDriverWasapi.vcxitems*{11f0ce85-e904-4231-a27c-f7ff076fc7fb}*SharedItemsImports = 4
		src\SoundDriver\SoundDriverXAudio\SoundDriverXAudio.vcxitems*{11f0ce85-e904-4231-a27c-f7ff076fc7fb}*SharedItemsImports = 4
		src\ThirdParty\libpng\libpng.vcxitems*{11f0ce85-e904-4231-a27c-f7ff076fc7fb}*SharedItemsImports = 4
		src\ThirdParty\tinyxml\tinyxml.vcxitems*{11f0ce85-e904-4231-a27c-f7ff076fc7fb}*SharedItemsImports = 4
		src\ThirdParty\winsdk\winsdk.vcxitems*{11f0ce85-e904-4231-a27c-f7ff076fc7fb}*SharedItemsImports = 4
		src\ThirdParty\zlib\zlib.vcxitems*{11f0ce85-e904-4231-a27c-f7ff076fc7fb}*SharedItemsImports = 4
		src\XeSDK\XeSDK.Shared.vcxitems*{11f0ce85-e904-4231-a27c-f7ff076fc7fb}*SharedItemsImports = 4
		src\XeSDK\XeSDK.WinShared.vcxitems*{11f0ce85-e904-4231-a27c-f7ff076fc7fb}*SharedItemsImports = 4
		src\XeSDK\XeSDK.Shared.Unix\XeSDK.Shared.Unix.vcxitems*{1e4b9a2c-c668-4671-8b81-fe0f23326787}*SharedItemsImports = 9
		src\XeSDK\XeSDK.Shared.Dummy\XeSDK.Shared.Dummy.vcxitems*{23c41de4-1f9c-4556-9391-532353102816}*SharedItemsImports = 9
		src\XeSDK\XeSDK.Shared.vcxitems*{26e3750a-fdf1-46ff-81ef-4031f3be2d43}*SharedItemsImports = 9
		src\ThirdParty\zlib\zlib.vcxitems*{2cd3c38f-9921-4736-8afe-0b8c947cd36f}*SharedItemsImports = 9
		src\RenderingDriver\RenderingDriverD3D11\RenderingDriverD3D11.vcxitems*{32285449-9c04-4464-811f-8fe3f87a3914}*SharedItemsImports = 9
		src\XeGame\XeGame.vcxitems*{364e7032-37e4-42b0-8617-fedb3b7673b5}*SharedItemsImports = 9
		src\GamePlatformDriver\GamePlatform.Steam\GamePlatform.Steam.vcxitems*{3fac9736-edc1-4c37-8178-876110dc7f89}*SharedItemsImports = 4
		src\XeGame\XeGame.vcxitems*{3fac9736-edc1-4c37-8178-876110dc7f89}*SharedItemsImports = 4
		src\ThirdParty\winsdk\winsdk.vcxitems*{4385b406-a2ea-4dd0-9f9b-cfdbc27fc12e}*SharedItemsImports = 9
		src\RenderingDriver\RenderingDriverD3D11\RenderingDriverD3D11.vcxitems*{44a7d243-08b1-4dfb-9fba-3d470e121a53}*SharedItemsImports = 4
		src\RenderingDriver\RenderingDriverNull\RenderingDriverNull.vcxitems*{44a7d243-08b1-4dfb-9fba-3d470e121a53}*SharedItemsImports = 4
		src\SoundDriver\SoundDriverNull\SoundDriverNull.vcxitems*{44a7d243-08b1-4dfb-9fba-3d470e121a53}*SharedItemsImports = 4
		src\SoundDriver\SoundDriverXAudio\SoundDriverXAudio.vcxitems*{44a7d243-08b1-4dfb-9fba-3d470e121a53}*SharedItemsImports = 4
		src\ThirdParty\libpng\libpng.vcxitems*{44a7d243-08b1-4dfb-9fba-3d470e121a53}*SharedItemsImports = 4
		src\ThirdParty\tinyxml\tinyxml.vcxitems*{44a7d243-08b1-4dfb-9fba-3d470e121a53}*SharedItemsImports = 4
		src\ThirdParty\zlib\zlib.vcxitems*{44a7d243-08b1-4dfb-9fba-3d470e121a53}*SharedItemsImports = 4
		src\XeSDK\XeSDK.Shared.vcxitems*{44a7d243-08b1-4dfb-9fba-3d470e121a53}*SharedItemsImports = 4
		src\XeSDK\XeSDK.WinShared.vcxitems*{44a7d243-08b1-4dfb-9fba-3d470e121a53}*SharedItemsImports = 4
		src\XeGame\XeGame.vcxitems*{5941d254-2bdc-4361-bbfd-7ff72fd9260b}*SharedItemsImports = 4
		src\InputDriver\InputDriverWindowsCustom\InputDriverWindowsCustom.vcxitems*{69c0c0a8-0787-4bcd-993f-fbc1c05dd267}*SharedItemsImports = 9
		src\SoundDriver\SoundDriverXAudio\SoundDriverXAudio.vcxitems*{69d5bb40-2d91-407b-8b87-1089e02a4032}*SharedItemsImports = 9
		src\ThirdParty\libpng\libpng.vcxitems*{7745487a-b7ca-4073-b035-621710b56cd2}*SharedItemsImports = 9
		src\XeGame\XeGame.vcxitems*{8bcb4471-511b-4c31-865c-d013788e73f7}*SharedItemsImports = 4
		src\ThirdParty\tinyxml\tinyxml.vcxitems*{9edecedc-1cc8-4e90-b8fa-c13233dfe317}*SharedItemsImports = 9
		src\RenderingDriver\RenderingDriverGL\RenderingDriverGL.vcxitems*{bcc72797-7b82-4a1e-a85c-0de87d9fd502}*SharedItemsImports = 9
		src\SoundDriver\SoundDriverWasapi\SoundDriverWasapi.vcxitems*{cba78208-5576-434f-bac5-da1b95461780}*SharedItemsImports = 9
		src\InputDriver\InputDriverXInput\InputDriverXInput.vcxitems*{d0662974-0a87-4caf-9cda-6c2a5ff1ab81}*SharedItemsImports = 9
		src\GamePlatformDriver\GamePlatform.Steam\GamePlatform.Steam.vcxitems*{dccb15ff-2da3-4cc6-a918-d5633e64d85c}*SharedItemsImports = 9
		src\RenderingDriver\RenderingDriverNull\RenderingDriverNull.vcxitems*{dfd54352-b7ab-40e2-b9a8-8401488e02ae}*SharedItemsImports = 9
		src\InputDriver\InputDriverXInput\InputDriverXInput.vcxitems*{ebf8450e-5107-4c6d-bd39-02044a25e4d0}*SharedItemsImports = 4
		src\RenderingDriver\RenderingDriverD3D11\RenderingDriverD3D11.vcxitems*{ebf8450e-5107-4c6d-bd39-02044a25e4d0}*SharedItemsImports = 4
		src\RenderingDriver\RenderingDriverNull\RenderingDriverNull.vcxitems*{ebf8450e-5107-4c6d-bd39-02044a25e4d0}*SharedItemsImports = 4
		src\SoundDriver\SoundDriverNull\SoundDriverNull.vcxitems*{ebf8450e-5107-4c6d-bd39-02044a25e4d0}*SharedItemsImports = 4
		src\SoundDriver\SoundDriverXAudio\SoundDriverXAudio.vcxitems*{ebf8450e-5107-4c6d-bd39-02044a25e4d0}*SharedItemsImports = 4
		src\ThirdParty\libpng\libpng.vcxitems*{ebf8450e-5107-4c6d-bd39-02044a25e4d0}*SharedItemsImports = 4
		src\ThirdParty\tinyxml\tinyxml.vcxitems*{ebf8450e-5107-4c6d-bd39-02044a25e4d0}*SharedItemsImports = 4
		src\ThirdParty\zlib\zlib.vcxitems*{ebf8450e-5107-4c6d-bd39-02044a25e4d0}*SharedItemsImports = 4
		src\XeSDK\XeSDK.Shared.vcxitems*{ebf8450e-5107-4c6d-bd39-02044a25e4d0}*SharedItemsImports = 4
		src\XeSDK\XeSDK.WinShared.vcxitems*{ebf8450e-5107-4c6d-bd39-02044a25e4d0}*SharedItemsImports = 4
		src\XeSDK\XeSDK.WinShared.vcxitems*{ef4e1787-9547-4aef-af68-f75347d19383}*SharedItemsImports = 9
	EndGlobalSection
	GlobalSection(SolutionConfigurationPlatforms) = preSolution
		Debug|ARM = Debug|ARM
		Debug|Win32 = Debug|Win32
		Debug|x64 = Debug|x64
		Dev|ARM = Dev|ARM
		Dev|Win32 = Dev|Win32
		Dev|x64 = Dev|x64
		Release|ARM = Release|ARM
		Release|Win32 = Release|Win32
		Release|x64 = Release|x64
	EndGlobalSection
	GlobalSection(ProjectConfigurationPlatforms) = postSolution
		{11F0CE85-E904-4231-A27C-F7FF076FC7FB}.Debug|ARM.ActiveCfg = Debug|Win32
		{11F0CE85-E904-4231-A27C-F7FF076FC7FB}.Debug|Win32.ActiveCfg = Debug|Win32
		{11F0CE85-E904-4231-A27C-F7FF076FC7FB}.Debug|Win32.Build.0 = Debug|Win32
		{11F0CE85-E904-4231-A27C-F7FF076FC7FB}.Debug|x64.ActiveCfg = Debug|x64
		{11F0CE85-E904-4231-A27C-F7FF076FC7FB}.Debug|x64.Build.0 = Debug|x64
		{11F0CE85-E904-4231-A27C-F7FF076FC7FB}.Dev|ARM.ActiveCfg = Dev|Win32
		{11F0CE85-E904-4231-A27C-F7FF076FC7FB}.Dev|Win32.ActiveCfg = Dev|Win32
		{11F0CE85-E904-4231-A27C-F7FF076FC7FB}.Dev|Win32.Build.0 = Dev|Win32
		{11F0CE85-E904-4231-A27C-F7FF076FC7FB}.Dev|x64.ActiveCfg = Dev|x64
		{11F0CE85-E904-4231-A27C-F7FF076FC7FB}.Dev|x64.Build.0 = Dev|x64
		{11F0CE85-E904-4231-A27C-F7FF076FC7FB}.Release|ARM.ActiveCfg = Release|Win32
		{11F0CE85-E904-4231-A27C-F7FF076FC7FB}.Release|Win32.ActiveCfg = Release|Win32
		{11F0CE85-E904-4231-A27C-F7FF076FC7FB}.Release|Win32.Build.0 = Release|Win32
		{11F0CE85-E904-4231-A27C-F7FF076FC7FB}.Release|x64.ActiveCfg = Release|x64
		{11F0CE85-E904-4231-A27C-F7FF076FC7FB}.Release|x64.Build.0 = Release|x64
		{EBF8450E-5107-4C6D-BD39-02044A25E4D0}.Debug|ARM.ActiveCfg = Debug|ARM
		{EBF8450E-5107-4C6D-BD39-02044A25E4D0}.Debug|ARM.Build.0 = Debug|ARM
		{EBF8450E-5107-4C6D-BD39-02044A25E4D0}.Debug|Win32.ActiveCfg = Debug|Win32
		{EBF8450E-5107-4C6D-BD39-02044A25E4D0}.Debug|Win32.Build.0 = Debug|Win32
		{EBF8450E-5107-4C6D-BD39-02044A25E4D0}.Debug|x64.ActiveCfg = Debug|x64
		{EBF8450E-5107-4C6D-BD39-02044A25E4D0}.Debug|x64.Build.0 = Debug|x64
		{EBF8450E-5107-4C6D-BD39-02044A25E4D0}.Dev|ARM.ActiveCfg = Debug|ARM
		{EBF8450E-5107-4C6D-BD39-02044A25E4D0}.Dev|ARM.Build.0 = Debug|ARM
		{EBF8450E-5107-4C6D-BD39-02044A25E4D0}.Dev|Win32.ActiveCfg = Debug|Win32
		{EBF8450E-5107-4C6D-BD39-02044A25E4D0}.Dev|Win32.Build.0 = Debug|Win32
		{EBF8450E-5107-4C6D-BD39-02044A25E4D0}.Dev|x64.ActiveCfg = Debug|x64
		{EBF8450E-5107-4C6D-BD39-02044A25E4D0}.Dev|x64.Build.0 = Debug|x64
		{EBF8450E-5107-4C6D-BD39-02044A25E4D0}.Release|ARM.ActiveCfg = Release|ARM
		{EBF8450E-5107-4C6D-BD39-02044A25E4D0}.Release|ARM.Build.0 = Release|ARM
		{EBF8450E-5107-4C6D-BD39-02044A25E4D0}.Release|Win32.ActiveCfg = Release|Win32
		{EBF8450E-5107-4C6D-BD39-02044A25E4D0}.Release|Win32.Build.0 = Release|Win32
		{EBF8450E-5107-4C6D-BD39-02044A25E4D0}.Release|x64.ActiveCfg = Release|x64
		{EBF8450E-5107-4C6D-BD39-02044A25E4D0}.Release|x64.Build.0 = Release|x64
		{44A7D243-08B1-4DFB-9FBA-3D470E121A53}.Debug|ARM.ActiveCfg = Debug|Durango
		{44A7D243-08B1-4DFB-9FBA-3D470E121A53}.Debug|Win32.ActiveCfg = Debug|Durango
		{44A7D243-08B1-4DFB-9FBA-3D470E121A53}.Debug|x64.ActiveCfg = Debug|Durango
		{44A7D243-08B1-4DFB-9FBA-3D470E121A53}.Debug|x64.Build.0 = Debug|Durango
		{44A7D243-08B1-4DFB-9FBA-3D470E121A53}.Dev|ARM.ActiveCfg = Dev|Durango
		{44A7D243-08B1-4DFB-9FBA-3D470E121A53}.Dev|Win32.ActiveCfg = Dev|Durango
		{44A7D243-08B1-4DFB-9FBA-3D470E121A53}.Dev|x64.ActiveCfg = Dev|Durango
		{44A7D243-08B1-4DFB-9FBA-3D470E121A53}.Dev|x64.Build.0 = Dev|Durango
		{44A7D243-08B1-4DFB-9FBA-3D470E121A53}.Release|ARM.ActiveCfg = Release|Durango
		{44A7D243-08B1-4DFB-9FBA-3D470E121A53}.Release|Win32.ActiveCfg = Release|Durango
		{44A7D243-08B1-4DFB-9FBA-3D470E121A53}.Release|x64.ActiveCfg = Release|Durango
		{44A7D243-08B1-4DFB-9FBA-3D470E121A53}.Release|x64.Build.0 = Release|Durango
		{3FAC9736-EDC1-4C37-8178-876110DC7F89}.Debug|ARM.ActiveCfg = Debug|Win32
		{3FAC9736-EDC1-4C37-8178-876110DC7F89}.Debug|Win32.ActiveCfg = Debug|Win32
		{3FAC9736-EDC1-4C37-8178-876110DC7F89}.Debug|Win32.Build.0 = Debug|Win32
		{3FAC9736-EDC1-4C37-8178-876110DC7F89}.Debug|x64.ActiveCfg = Debug|x64
		{3FAC9736-EDC1-4C37-8178-876110DC7F89}.Debug|x64.Build.0 = Debug|x64
		{3FAC9736-EDC1-4C37-8178-876110DC7F89}.Dev|ARM.ActiveCfg = Dev|Win32
		{3FAC9736-EDC1-4C37-8178-876110DC7F89}.Dev|Win32.ActiveCfg = Dev|Win32
		{3FAC9736-EDC1-4C37-8178-876110DC7F89}.Dev|Win32.Build.0 = Dev|Win32
		{3FAC9736-EDC1-4C37-8178-876110DC7F89}.Dev|x64.ActiveCfg = Dev|x64
		{3FAC9736-EDC1-4C37-8178-876110DC7F89}.Dev|x64.Build.0 = Dev|x64
		{3FAC9736-EDC1-4C37-8178-876110DC7F89}.Release|ARM.ActiveCfg = Release|Win32
		{3FAC9736-EDC1-4C37-8178-876110DC7F89}.Release|Win32.ActiveCfg = Release|Win32
		{3FAC9736-EDC1-4C37-8178-876110DC7F89}.Release|Win32.Build.0 = Release|Win32
		{3FAC9736-EDC1-4C37-8178-876110DC7F89}.Release|x64.ActiveCfg = Release|x64
		{3FAC9736-EDC1-4C37-8178-876110DC7F89}.Release|x64.Build.0 = Release|x64
		{8BCB4471-511B-4C31-865C-D013788E73F7}.Debug|ARM.ActiveCfg = Debug|ARM
		{8BCB4471-511B-4C31-865C-D013788E73F7}.Debug|ARM.Build.0 = Debug|ARM
		{8BCB4471-511B-4C31-865C-D013788E73F7}.Debug|Win32.ActiveCfg = Debug|Win32
		{8BCB4471-511B-4C31-865C-D013788E73F7}.Debug|Win32.Build.0 = Debug|Win32
		{8BCB4471-511B-4C31-865C-D013788E73F7}.Debug|x64.ActiveCfg = Debug|x64
		{8BCB4471-511B-4C31-865C-D013788E73F7}.Debug|x64.Build.0 = Debug|x64
		{8BCB4471-511B-4C31-865C-D013788E73F7}.Dev|ARM.ActiveCfg = Debug|ARM
		{8BCB4471-511B-4C31-865C-D013788E73F7}.Dev|ARM.Build.0 = Debug|ARM
		{8BCB4471-511B-4C31-865C-D013788E73F7}.Dev|Win32.ActiveCfg = Debug|Win32
		{8BCB4471-511B-4C31-865C-D013788E73F7}.Dev|Win32.Build.0 = Debug|Win32
		{8BCB4471-511B-4C31-865C-D013788E73F7}.Dev|x64.ActiveCfg = Debug|x64
		{8BCB4471-511B-4C31-865C-D013788E73F7}.Dev|x64.Build.0 = Debug|x64
		{8BCB4471-511B-4C31-865C-D013788E73F7}.Release|ARM.ActiveCfg = Release|ARM
		{8BCB4471-511B-4C31-865C-D013788E73F7}.Release|ARM.Build.0 = Release|ARM
		{8BCB4471-511B-4C31-865C-D013788E73F7}.Release|Win32.ActiveCfg = Release|Win32
		{8BCB4471-511B-4C31-865C-D013788E73F7}.Release|Win32.Build.0 = Release|Win32
		{8BCB4471-511B-4C31-865C-D013788E73F7}.Release|x64.ActiveCfg = Release|x64
		{8BCB4471-511B-4C31-865C-D013788E73F7}.Release|x64.Build.0 = Release|x64
		{5941D254-2BDC-4361-BBFD-7FF72FD9260B}.Debug|ARM.ActiveCfg = Debug|Durango
		{5941D254-2BDC-4361-BBFD-7FF72FD9260B}.Debug|Win32.ActiveCfg = Debug|Durango
		{5941D254-2BDC-4361-BBFD-7FF72FD9260B}.Debug|x64.ActiveCfg = Debug|Durango
		{5941D254-2BDC-4361-BBFD-7FF72FD9260B}.Debug|x64.Build.0 = Debug|Durango
		{5941D254-2BDC-4361-BBFD-7FF72FD9260B}.Dev|ARM.ActiveCfg = Dev|Durango
		{5941D254-2BDC-4361-BBFD-7FF72FD9260B}.Dev|Win32.ActiveCfg = Dev|Durango
		{5941D254-2BDC-4361-BBFD-7FF72FD9260B}.Dev|x64.ActiveCfg = Dev|Durango
		{5941D254-2BDC-4361-BBFD-7FF72FD9260B}.Dev|x64.Build.0 = Dev|Durango
		{5941D254-2BDC-4361-BBFD-7FF72FD9260B}.Release|ARM.ActiveCfg = Release|Durango
		{5941D254-2BDC-4361-BBFD-7FF72FD9260B}.Release|Win32.ActiveCfg = Release|Durango
		{5941D254-2BDC-4361-BBFD-7FF72FD9260B}.Release|x64.ActiveCfg = Release|Durango
		{5941D254-2BDC-4361-BBFD-7FF72FD9260B}.Release|x64.Build.0 = Release|Durango
	EndGlobalSection
	GlobalSection(SolutionProperties) = preSolution
		HideSolutionNode = FALSE
	EndGlobalSection
	GlobalSection(NestedProjects) = preSolution
		{26E3750A-FDF1-46FF-81EF-4031F3BE2D43} = {D2847274-0B1D-4D23-A1E9-38BFC02E4E43}
		{11F0CE85-E904-4231-A27C-F7FF076FC7FB} = {D2847274-0B1D-4D23-A1E9-38BFC02E4E43}
		{EBF8450E-5107-4C6D-BD39-02044A25E4D0} = {D2847274-0B1D-4D23-A1E9-38BFC02E4E43}
		{44A7D243-08B1-4DFB-9FBA-3D470E121A53} = {D2847274-0B1D-4D23-A1E9-38BFC02E4E43}
		{EF4E1787-9547-4AEF-AF68-F75347D19383} = {D2847274-0B1D-4D23-A1E9-38BFC02E4E43}
		{1E4B9A2C-C668-4671-8B81-FE0F23326787} = {D2847274-0B1D-4D23-A1E9-38BFC02E4E43}
		{23C41DE4-1F9C-4556-9391-532353102816} = {D2847274-0B1D-4D23-A1E9-38BFC02E4E43}
		{DFD54352-B7AB-40E2-B9A8-8401488E02AE} = {FA2D4871-A08A-473E-A308-DF740D2EEA59}
		{32285449-9C04-4464-811F-8FE3F87A3914} = {FA2D4871-A08A-473E-A308-DF740D2EEA59}
		{BCC72797-7B82-4A1E-A85C-0DE87D9FD502} = {FA2D4871-A08A-473E-A308-DF740D2EEA59}
		{69D5BB40-2D91-407B-8B87-1089E02A4032} = {F76BC7A6-29D6-4290-BF04-DD6DAF9321B6}
		{D0662974-0A87-4CAF-9CDA-6C2A5FF1AB81} = {3F51B60D-7DFE-40B2-948A-251513107990}
		{69C0C0A8-0787-4BCD-993F-FBC1C05DD267} = {3F51B60D-7DFE-40B2-948A-251513107990}
		{DCCB15FF-2DA3-4CC6-A918-D5633E64D85C} = {70F027B3-6B37-484C-9783-75C473393BC8}
		{4385B406-A2EA-4DD0-9F9B-CFDBC27FC12E} = {BDA8E5A5-E6EB-4BAE-9152-9539646FDDC1}
		{2CD3C38F-9921-4736-8AFE-0B8C947CD36F} = {BDA8E5A5-E6EB-4BAE-9152-9539646FDDC1}
		{7745487A-B7CA-4073-B035-621710B56CD2} = {BDA8E5A5-E6EB-4BAE-9152-9539646FDDC1}
		{9EDECEDC-1CC8-4E90-B8FA-C13233DFE317} = {BDA8E5A5-E6EB-4BAE-9152-9539646FDDC1}
		{364E7032-37E4-42B0-8617-FEDB3B7673B5} = {888BD4A4-767A-4CE7-8DCF-996B476801AB}
		{3FAC9736-EDC1-4C37-8178-876110DC7F89} = {888BD4A4-767A-4CE7-8DCF-996B476801AB}
		{8BCB4471-511B-4C31-865C-D013788E73F7} = {888BD4A4-767A-4CE7-8DCF-996B476801AB}
		{5941D254-2BDC-4361-BBFD-7FF72FD9260B} = {888BD4A4-767A-4CE7-8DCF-996B476801AB}
		{0F968996-A09C-4DDA-85CB-575A5ED8059D} = {F76BC7A6-29D6-4290-BF04-DD6DAF9321B6}
		{CBA78208-5576-434F-BAC5-DA1B95461780} = {F76BC7A6-29D6-4290-BF04-DD6DAF9321B6}
	EndGlobalSection
	GlobalSection(ExtensibilityGlobals) = postSolution
		SolutionGuid = {27233E81-5340-49F9-BF5E-A0B089653147}
	EndGlobalSection
EndGlobal
