
Microsoft Visual Studio Solution File, Format Version 12.00
# Visual Studio 15
VisualStudioVersion = 15.0.26510.0
MinimumVisualStudioVersion = 10.0.40219.1
Project("{2150E333-8FDC-42A3-9474-1A3956D46DE8}") = "XeSDK", "XeSDK", "{D2847274-0B1D-4D23-A1E9-38BFC02E4E43}"
EndProject
Project("{8BC9CEB8-8B4A-11D0-8D11-00A0C91BC942}") = "XeSDK.Shared", "src\XeSDK\XeSDK.Shared.vcxitems", "{26E3750A-FDF1-46FF-81EF-4031F3BE2D43}"
EndProject
Project("{8BC9CEB8-8B4A-11D0-8D11-00A0C91BC942}") = "XeSDK.Win32", "src\XeSDK\XeSDK.Win32\XeSDK.Win32.vcxproj", "{11F0CE85-E904-4231-A27C-F7FF076FC7FB}"
EndProject
Project("{8BC9CEB8-8B4A-11D0-8D11-00A0C91BC942}") = "XeSDK.WinShared", "src\XeSDK\XeSDK.WinShared.vcxitems", "{EF4E1787-9547-4AEF-AF68-F75347D19383}"
EndProject
Project("{2150E333-8FDC-42A3-9474-1A3956D46DE8}") = "Third party libraries", "Third party libraries", "{BDA8E5A5-E6EB-4BAE-9152-9539646FDDC1}"
EndProject
Project("{8BC9CEB8-8B4A-11D0-8D11-00A0C91BC942}") = "libpng", "src\ThirdParty\libpng\libpng.vcxitems", "{7745487A-B7CA-4073-B035-621710B56CD2}"
EndProject
Project("{8BC9CEB8-8B4A-11D0-8D11-00A0C91BC942}") = "zlib", "src\ThirdParty\zlib\zlib.vcxitems", "{2CD3C38F-9921-4736-8AFE-0B8C947CD36F}"
EndProject
Project("{8BC9CEB8-8B4A-11D0-8D11-00A0C91BC942}") = "tinyxml", "src\ThirdParty\tinyxml\tinyxml.vcxitems", "{9EDECEDC-1CC8-4E90-B8FA-C13233DFE317}"
EndProject
Project("{8BC9CEB8-8B4A-11D0-8D11-00A0C91BC942}") = "winsdk", "src\ThirdParty\winsdk\winsdk.vcxitems", "{4385B406-A2EA-4DD0-9F9B-CFDBC27FC12E}"
EndProject
Project("{2150E333-8FDC-42A3-9474-1A3956D46DE8}") = "Rendering Engines", "Rendering Engines", "{FA2D4871-A08A-473E-A308-DF740D2EEA59}"
EndProject
Project("{8BC9CEB8-8B4A-11D0-8D11-00A0C91BC942}") = "RenderingEngineNull", "src\RenderingEngine\RenderingEngineNull\RenderingEngineNull.vcxitems", "{DFD54352-B7AB-40E2-B9A8-8401488E02AE}"
EndProject
Project("{8BC9CEB8-8B4A-11D0-8D11-00A0C91BC942}") = "RenderingEngineGL", "src\RenderingEngine\RenderingEngineGL\RenderingEngineGL.vcxitems", "{BCC72797-7B82-4A1E-A85C-0DE87D9FD502}"
EndProject
Project("{8BC9CEB8-8B4A-11D0-8D11-00A0C91BC942}") = "RenderingEngineD3D11", "src\RenderingEngine\RenderingEngineD3D11\RenderingEngineD3D11.vcxitems", "{32285449-9C04-4464-811F-8FE3F87A3914}"
EndProject
Global
	GlobalSection(SharedMSBuildProjectFiles) = preSolution
		src\RenderingEngine\RenderingEngineD3D11\RenderingEngineD3D11.vcxitems*{11f0ce85-e904-4231-a27c-f7ff076fc7fb}*SharedItemsImports = 4
		src\RenderingEngine\RenderingEngineGL\RenderingEngineGL.vcxitems*{11f0ce85-e904-4231-a27c-f7ff076fc7fb}*SharedItemsImports = 4
		src\RenderingEngine\RenderingEngineNull\RenderingEngineNull.vcxitems*{11f0ce85-e904-4231-a27c-f7ff076fc7fb}*SharedItemsImports = 4
		src\ThirdParty\libpng\libpng.vcxitems*{11f0ce85-e904-4231-a27c-f7ff076fc7fb}*SharedItemsImports = 4
		src\ThirdParty\tinyxml\tinyxml.vcxitems*{11f0ce85-e904-4231-a27c-f7ff076fc7fb}*SharedItemsImports = 4
		src\ThirdParty\winsdk\winsdk.vcxitems*{11f0ce85-e904-4231-a27c-f7ff076fc7fb}*SharedItemsImports = 4
		src\ThirdParty\zlib\zlib.vcxitems*{11f0ce85-e904-4231-a27c-f7ff076fc7fb}*SharedItemsImports = 4
		src\XeSDK\XeSDK.Shared.vcxitems*{11f0ce85-e904-4231-a27c-f7ff076fc7fb}*SharedItemsImports = 4
		src\XeSDK\XeSDK.WinShared.vcxitems*{11f0ce85-e904-4231-a27c-f7ff076fc7fb}*SharedItemsImports = 4
		src\XeSDK\XeSDK.Shared.vcxitems*{26e3750a-fdf1-46ff-81ef-4031f3be2d43}*SharedItemsImports = 9
		src\ThirdParty\zlib\zlib.vcxitems*{2cd3c38f-9921-4736-8afe-0b8c947cd36f}*SharedItemsImports = 9
		src\RenderingEngine\RenderingEngineD3D11\RenderingEngineD3D11.vcxitems*{32285449-9c04-4464-811f-8fe3f87a3914}*SharedItemsImports = 9
		src\ThirdParty\winsdk\winsdk.vcxitems*{4385b406-a2ea-4dd0-9f9b-cfdbc27fc12e}*SharedItemsImports = 9
		src\ThirdParty\libpng\libpng.vcxitems*{7745487a-b7ca-4073-b035-621710b56cd2}*SharedItemsImports = 9
		src\ThirdParty\tinyxml\tinyxml.vcxitems*{9edecedc-1cc8-4e90-b8fa-c13233dfe317}*SharedItemsImports = 9
		src\RenderingEngine\RenderingEngineGL\RenderingEngineGL.vcxitems*{bcc72797-7b82-4a1e-a85c-0de87d9fd502}*SharedItemsImports = 9
		src\RenderingEngine\RenderingEngineNull\RenderingEngineNull.vcxitems*{dfd54352-b7ab-40e2-b9a8-8401488e02ae}*SharedItemsImports = 9
		src\XeSDK\XeSDK.WinShared.vcxitems*{ef4e1787-9547-4aef-af68-f75347d19383}*SharedItemsImports = 9
	EndGlobalSection
	GlobalSection(SolutionConfigurationPlatforms) = preSolution
		Debug|Any CPU = Debug|Any CPU
		Debug|ARM = Debug|ARM
		Debug|ARM64 = Debug|ARM64
		Debug|x64 = Debug|x64
		Debug|x86 = Debug|x86
		Dev|Any CPU = Dev|Any CPU
		Dev|ARM = Dev|ARM
		Dev|ARM64 = Dev|ARM64
		Dev|x64 = Dev|x64
		Dev|x86 = Dev|x86
		Release|Any CPU = Release|Any CPU
		Release|ARM = Release|ARM
		Release|ARM64 = Release|ARM64
		Release|x64 = Release|x64
		Release|x86 = Release|x86
	EndGlobalSection
	GlobalSection(ProjectConfigurationPlatforms) = postSolution
		{11F0CE85-E904-4231-A27C-F7FF076FC7FB}.Debug|Any CPU.ActiveCfg = Debug|Win32
		{11F0CE85-E904-4231-A27C-F7FF076FC7FB}.Debug|ARM.ActiveCfg = Debug|ARM
		{11F0CE85-E904-4231-A27C-F7FF076FC7FB}.Debug|ARM.Build.0 = Debug|ARM
		{11F0CE85-E904-4231-A27C-F7FF076FC7FB}.Debug|ARM64.ActiveCfg = Debug|Win32
		{11F0CE85-E904-4231-A27C-F7FF076FC7FB}.Debug|x64.ActiveCfg = Debug|x64
		{11F0CE85-E904-4231-A27C-F7FF076FC7FB}.Debug|x64.Build.0 = Debug|x64
		{11F0CE85-E904-4231-A27C-F7FF076FC7FB}.Debug|x86.ActiveCfg = Debug|Win32
		{11F0CE85-E904-4231-A27C-F7FF076FC7FB}.Debug|x86.Build.0 = Debug|Win32
		{11F0CE85-E904-4231-A27C-F7FF076FC7FB}.Dev|Any CPU.ActiveCfg = Dev|Win32
		{11F0CE85-E904-4231-A27C-F7FF076FC7FB}.Dev|ARM.ActiveCfg = Dev|ARM
		{11F0CE85-E904-4231-A27C-F7FF076FC7FB}.Dev|ARM.Build.0 = Dev|ARM
		{11F0CE85-E904-4231-A27C-F7FF076FC7FB}.Dev|ARM64.ActiveCfg = Dev|Win32
		{11F0CE85-E904-4231-A27C-F7FF076FC7FB}.Dev|x64.ActiveCfg = Dev|x64
		{11F0CE85-E904-4231-A27C-F7FF076FC7FB}.Dev|x64.Build.0 = Dev|x64
		{11F0CE85-E904-4231-A27C-F7FF076FC7FB}.Dev|x86.ActiveCfg = Dev|Win32
		{11F0CE85-E904-4231-A27C-F7FF076FC7FB}.Dev|x86.Build.0 = Dev|Win32
		{11F0CE85-E904-4231-A27C-F7FF076FC7FB}.Release|Any CPU.ActiveCfg = Release|Win32
		{11F0CE85-E904-4231-A27C-F7FF076FC7FB}.Release|ARM.ActiveCfg = Release|ARM
		{11F0CE85-E904-4231-A27C-F7FF076FC7FB}.Release|ARM.Build.0 = Release|ARM
		{11F0CE85-E904-4231-A27C-F7FF076FC7FB}.Release|ARM64.ActiveCfg = Release|Win32
		{11F0CE85-E904-4231-A27C-F7FF076FC7FB}.Release|x64.ActiveCfg = Release|x64
		{11F0CE85-E904-4231-A27C-F7FF076FC7FB}.Release|x64.Build.0 = Release|x64
		{11F0CE85-E904-4231-A27C-F7FF076FC7FB}.Release|x86.ActiveCfg = Release|Win32
		{11F0CE85-E904-4231-A27C-F7FF076FC7FB}.Release|x86.Build.0 = Release|Win32
	EndGlobalSection
	GlobalSection(SolutionProperties) = preSolution
		HideSolutionNode = FALSE
	EndGlobalSection
	GlobalSection(NestedProjects) = preSolution
		{26E3750A-FDF1-46FF-81EF-4031F3BE2D43} = {D2847274-0B1D-4D23-A1E9-38BFC02E4E43}
		{11F0CE85-E904-4231-A27C-F7FF076FC7FB} = {D2847274-0B1D-4D23-A1E9-38BFC02E4E43}
		{EF4E1787-9547-4AEF-AF68-F75347D19383} = {D2847274-0B1D-4D23-A1E9-38BFC02E4E43}
		{7745487A-B7CA-4073-B035-621710B56CD2} = {BDA8E5A5-E6EB-4BAE-9152-9539646FDDC1}
		{2CD3C38F-9921-4736-8AFE-0B8C947CD36F} = {BDA8E5A5-E6EB-4BAE-9152-9539646FDDC1}
		{9EDECEDC-1CC8-4E90-B8FA-C13233DFE317} = {BDA8E5A5-E6EB-4BAE-9152-9539646FDDC1}
		{4385B406-A2EA-4DD0-9F9B-CFDBC27FC12E} = {BDA8E5A5-E6EB-4BAE-9152-9539646FDDC1}
		{DFD54352-B7AB-40E2-B9A8-8401488E02AE} = {FA2D4871-A08A-473E-A308-DF740D2EEA59}
		{BCC72797-7B82-4A1E-A85C-0DE87D9FD502} = {FA2D4871-A08A-473E-A308-DF740D2EEA59}
		{32285449-9C04-4464-811F-8FE3F87A3914} = {FA2D4871-A08A-473E-A308-DF740D2EEA59}
	EndGlobalSection
	GlobalSection(ExtensibilityGlobals) = postSolution
		SolutionGuid = {27233E81-5340-49F9-BF5E-A0B089653147}
	EndGlobalSection
EndGlobal
