<?xml version="1.0" encoding="utf-8"?>
<Project ToolsVersion="4.0" xmlns="http://schemas.microsoft.com/developer/msbuild/2003">
  <ItemGroup>
    <ClCompile Include="$(MSBuildThisFileDirectory)XeIOGamepad_Linux.cpp" />
    <ClCompile Include="$(MSBuildThisFileDirectory)XeMemory_libc.cpp" />
    <ClCompile Include="$(MSBuildThisFileDirectory)XeStorageDirectory_Unix.cpp" />
    <ClCompile Include="$(MSBuildThisFileDirectory)XeStorageFile_Unix.cpp" />
    <ClCompile Include="$(MSBuildThisFileDirectory)XeTimer_Linux.cpp" />
    <ClCompile Include="$(MSBuildThisFileDirectory)XeCoreView_X11.cpp" />
    <ClCompile Include="$(MSBuildThisFileDirectory)XeGraphics_Unix.cpp" />
  </ItemGroup>
  <ItemGroup>
    <ClInclude Include="$(MSBuildThisFileDirectory)XeCoreView_X11.h" />
  </ItemGroup>
</Project>