<?xml version="1.0" encoding="utf-8"?>
<Project ToolsVersion="4.0" xmlns="http://schemas.microsoft.com/developer/msbuild/2003">
  <ItemGroup>
    <ClCompile Include="ContextGL_Windows.cpp" />
    <ClCompile Include="ContextGL_Win32.cpp" />
    <ClCompile Include="XeCoreMain_Win32.cpp">
      <Filter>Core</Filter>
    </ClCompile>
  </ItemGroup>
  <ItemGroup>
    <Filter Include="Core">
      <UniqueIdentifier>{9fdad279-0b7f-4906-94f1-064533036f2e}</UniqueIdentifier>
    </Filter>
  </ItemGroup>
</Project>