<?xml version="1.0" encoding="utf-8"?>
<Project ToolsVersion="4.0" xmlns="http://schemas.microsoft.com/developer/msbuild/2003">
  <ItemGroup>
    <ClCompile Include="ContextGL_Windows.cpp" />
    <ClCompile Include="ContextGL_Win32.cpp" />
    <ClCompile Include="XeCoreMain_Win32.cpp">
      <Filter>Core</Filter>
    </ClCompile>
    <ClCompile Include="XeGraphics_Win32.cpp">
      <Filter>Graphics</Filter>
    </ClCompile>
    <ClCompile Include="XeIODevices_Win32.cpp">
      <Filter>IO</Filter>
    </ClCompile>
    <ClCompile Include="XeCoreView_Win32.cpp">
      <Filter>Core</Filter>
    </ClCompile>
  </ItemGroup>
  <ItemGroup>
    <Filter Include="Core">
      <UniqueIdentifier>{9fdad279-0b7f-4906-94f1-064533036f2e}</UniqueIdentifier>
    </Filter>
    <Filter Include="Graphics">
      <UniqueIdentifier>{fdc589e1-ad81-48c9-aa20-2c2f47652756}</UniqueIdentifier>
    </Filter>
    <Filter Include="IO">
      <UniqueIdentifier>{b968f1e2-c1b2-4ed5-bba5-a4e0fe4a4f6f}</UniqueIdentifier>
    </Filter>
  </ItemGroup>
</Project>