<?xml version="1.0" encoding="utf-8"?>
<Project ToolsVersion="15.0" xmlns="http://schemas.microsoft.com/developer/msbuild/2003">
  <ItemGroup>
    <Filter Include="include">
      <UniqueIdentifier>{9f844de6-93c7-4121-a12c-4276bf79bc42}</UniqueIdentifier>
    </Filter>
    <Filter Include="src">
      <UniqueIdentifier>{60502b67-56d2-445d-a73d-7010bfaf911e}</UniqueIdentifier>
    </Filter>
    <Filter Include="src\SoundManager">
      <UniqueIdentifier>{f3f4f3b8-3de0-44ba-a35e-d27f40206068}</UniqueIdentifier>
    </Filter>
    <Filter Include="src\TextureManager">
      <UniqueIdentifier>{b6b5433e-0d4e-4c88-899f-4505cbc9f674}</UniqueIdentifier>
    </Filter>
  </ItemGroup>
  <ItemGroup>
    <ClInclude Include="$(MSBuildThisFileDirectory)pch.h">
      <Filter>src</Filter>
    </ClInclude>
    <ClInclude Include="$(MSBuildThisFileDirectory)..\..\include\XeGame\IAtom.h">
      <Filter>include</Filter>
    </ClInclude>
    <ClInclude Include="$(MSBuildThisFileDirectory)..\..\include\XeGame\IEntity.h">
      <Filter>include</Filter>
    </ClInclude>
    <ClInclude Include="$(MSBuildThisFileDirectory)..\..\include\XeGame\IEntityManager.h">
      <Filter>include</Filter>
    </ClInclude>
    <ClInclude Include="$(MSBuildThisFileDirectory)..\..\include\XeGame\ITextureManager.h">
      <Filter>include</Filter>
    </ClInclude>
    <ClInclude Include="$(MSBuildThisFileDirectory)..\..\include\XeGame.h">
      <Filter>include</Filter>
    </ClInclude>
    <ClInclude Include="$(MSBuildThisFileDirectory)..\..\include\XeGame\IGamePlatform.h">
      <Filter>include</Filter>
    </ClInclude>
    <ClInclude Include="$(MSBuildThisFileDirectory)..\..\include\XeGame\IGamePlatformCallback.h">
      <Filter>include</Filter>
    </ClInclude>
    <ClInclude Include="$(MSBuildThisFileDirectory)GamePlatformConfig.h">
      <Filter>src</Filter>
    </ClInclude>
    <ClInclude Include="$(MSBuildThisFileDirectory)..\..\include\XeGame\IGameAchievement.h">
      <Filter>include</Filter>
    </ClInclude>
    <ClInclude Include="$(MSBuildThisFileDirectory)..\..\include\XeGame\XeGameTextureManager.h">
      <Filter>include</Filter>
    </ClInclude>
    <ClInclude Include="$(MSBuildThisFileDirectory)..\..\include\XeGame\IGameSoundManager.h">
      <Filter>include</Filter>
    </ClInclude>
    <ClInclude Include="$(MSBuildThisFileDirectory)..\..\include\XeGame\XeGameSoundManager.h">
      <Filter>include</Filter>
    </ClInclude>
    <ClInclude Include="$(MSBuildThisFileDirectory)..\..\include\XeGame\IGameSoundEntity.h">
      <Filter>include</Filter>
    </ClInclude>
    <ClInclude Include="$(MSBuildThisFileDirectory)..\..\include\XeGame\XeGameEaseFunctions.h">
      <Filter>include</Filter>
    </ClInclude>
    <ClInclude Include="$(MSBuildThisFileDirectory)..\..\include\XeGame\IGameSoundBgmEntity.h">
      <Filter>include</Filter>
    </ClInclude>
    <ClInclude Include="$(MSBuildThisFileDirectory)..\..\include\XeGame\IGameSoundSfxEntity.h">
      <Filter>include</Filter>
    </ClInclude>
    <ClInclude Include="$(MSBuildThisFileDirectory)..\..\include\XeGame\XeGameTimerComponent.h">
      <Filter>include</Filter>
    </ClInclude>
    <ClInclude Include="$(MSBuildThisFileDirectory)CGameSoundBgmEntity.h">
      <Filter>src\SoundManager</Filter>
    </ClInclude>
    <ClInclude Include="$(MSBuildThisFileDirectory)CGameSoundEntity.h">
      <Filter>src\SoundManager</Filter>
    </ClInclude>
    <ClInclude Include="$(MSBuildThisFileDirectory)CGameSoundManager.h">
      <Filter>src\SoundManager</Filter>
    </ClInclude>
    <ClInclude Include="$(MSBuildThisFileDirectory)CGameSoundSfxEntity.h">
      <Filter>src\SoundManager</Filter>
    </ClInclude>
    <ClInclude Include="$(MSBuildThisFileDirectory)XeGameTextureManagerDef.h">
      <Filter>src\TextureManager</Filter>
    </ClInclude>
    <ClInclude Include="$(MSBuildThisFileDirectory)..\..\include\XeGame\XeGameImGuiHandler.h">
      <Filter>include</Filter>
    </ClInclude>
    <ClInclude Include="$(MSBuildThisFileDirectory)..\..\include\XeGame\IGameTilemap2d.h">
      <Filter>include</Filter>
    </ClInclude>
    <ClInclude Include="$(MSBuildThisFileDirectory)..\..\include\XeGame\XeGameTilemap2d.h">
      <Filter>include</Filter>
    </ClInclude>
    <ClInclude Include="D:\Repository\XeEngine\XeEngine\src\XeGame\CGameTilemap2d.h">
      <Filter>src</Filter>
    </ClInclude>
  </ItemGroup>
  <ItemGroup>
    <ClCompile Include="$(MSBuildThisFileDirectory)XeGame.cpp">
      <Filter>src</Filter>
    </ClCompile>
    <ClCompile Include="$(MSBuildThisFileDirectory)pch.cpp">
      <Filter>src</Filter>
    </ClCompile>
    <ClCompile Include="$(MSBuildThisFileDirectory)GamePlatformDummy.cpp">
      <Filter>src</Filter>
    </ClCompile>
    <ClCompile Include="$(MSBuildThisFileDirectory)XeGameTimerComponent.cpp">
      <Filter>src</Filter>
    </ClCompile>
    <ClCompile Include="$(MSBuildThisFileDirectory)CGameSoundBgmEntity.cpp">
      <Filter>src\SoundManager</Filter>
    </ClCompile>
    <ClCompile Include="$(MSBuildThisFileDirectory)CGameSoundEntity.cpp">
      <Filter>src\SoundManager</Filter>
    </ClCompile>
    <ClCompile Include="$(MSBuildThisFileDirectory)CGameSoundManager.cpp">
      <Filter>src\SoundManager</Filter>
    </ClCompile>
    <ClCompile Include="$(MSBuildThisFileDirectory)CGameSoundSfxEntity.cpp">
      <Filter>src\SoundManager</Filter>
    </ClCompile>
    <ClCompile Include="$(MSBuildThisFileDirectory)XeGameTextureManager.cpp">
      <Filter>src\TextureManager</Filter>
    </ClCompile>
    <ClCompile Include="$(MSBuildThisFileDirectory)SimpleTextureManager.cpp">
      <Filter>src\TextureManager</Filter>
    </ClCompile>
    <ClCompile Include="$(MSBuildThisFileDirectory)XeGameImGuiHandler.cpp">
      <Filter>src</Filter>
    </ClCompile>
    <ClCompile Include="D:\Repository\XeEngine\XeEngine\src\XeGame\XeGameTilemap2d.cpp">
      <Filter>src</Filter>
    </ClCompile>
  </ItemGroup>
</Project>