<?xml version="1.0" encoding="utf-8"?>
<Project ToolsVersion="15.0" xmlns="http://schemas.microsoft.com/developer/msbuild/2003">
  <ItemGroup>
    <Filter Include="include">
      <UniqueIdentifier>{9f844de6-93c7-4121-a12c-4276bf79bc42}</UniqueIdentifier>
    </Filter>
    <Filter Include="src">
      <UniqueIdentifier>{60502b67-56d2-445d-a73d-7010bfaf911e}</UniqueIdentifier>
    </Filter>
    <Filter Include="src\SoundManager">
      <UniqueIdentifier>{f3f4f3b8-3de0-44ba-a35e-d27f40206068}</UniqueIdentifier>
    </Filter>
    <Filter Include="src\TextureManager">
      <UniqueIdentifier>{b6b5433e-0d4e-4c88-899f-4505cbc9f674}</UniqueIdentifier>
    </Filter>
    <Filter Include="src\Tools">
      <UniqueIdentifier>{1b031038-92a4-4156-a675-454657dd14eb}</UniqueIdentifier>
    </Filter>
    <Filter Include="src\Tiled">
      <UniqueIdentifier>{a63bbe3c-a03f-43f7-b0bf-6411ba364fb8}</UniqueIdentifier>
    </Filter>
    <Filter Include="src\Animations">
      <UniqueIdentifier>{7483b9ce-704d-4a17-9062-57988ab5e3d7}</UniqueIdentifier>
    </Filter>
  </ItemGroup>
  <ItemGroup>
    <ClInclude Include="$(MSBuildThisFileDirectory)pch.h">
      <Filter>src</Filter>
    </ClInclude>
    <ClInclude Include="$(MSBuildThisFileDirectory)..\..\include\XeGame\IAtom.h">
      <Filter>include</Filter>
    </ClInclude>
    <ClInclude Include="$(MSBuildThisFileDirectory)..\..\include\XeGame\IEntity.h">
      <Filter>include</Filter>
    </ClInclude>
    <ClInclude Include="$(MSBuildThisFileDirectory)..\..\include\XeGame\IEntityManager.h">
      <Filter>include</Filter>
    </ClInclude>
    <ClInclude Include="$(MSBuildThisFileDirectory)..\..\include\XeGame\ITextureManager.h">
      <Filter>include</Filter>
    </ClInclude>
    <ClInclude Include="$(MSBuildThisFileDirectory)..\..\include\XeGame.h">
      <Filter>include</Filter>
    </ClInclude>
    <ClInclude Include="$(MSBuildThisFileDirectory)..\..\include\XeGame\IGamePlatform.h">
      <Filter>include</Filter>
    </ClInclude>
    <ClInclude Include="$(MSBuildThisFileDirectory)..\..\include\XeGame\IGamePlatformCallback.h">
      <Filter>include</Filter>
    </ClInclude>
    <ClInclude Include="$(MSBuildThisFileDirectory)GamePlatformConfig.h">
      <Filter>src</Filter>
    </ClInclude>
    <ClInclude Include="$(MSBuildThisFileDirectory)..\..\include\XeGame\IGameAchievement.h">
      <Filter>include</Filter>
    </ClInclude>
    <ClInclude Include="$(MSBuildThisFileDirectory)..\..\include\XeGame\XeGameTextureManager.h">
      <Filter>include</Filter>
    </ClInclude>
    <ClInclude Include="$(MSBuildThisFileDirectory)..\..\include\XeGame\IGameSoundManager.h">
      <Filter>include</Filter>
    </ClInclude>
    <ClInclude Include="$(MSBuildThisFileDirectory)..\..\include\XeGame\XeGameSoundManager.h">
      <Filter>include</Filter>
    </ClInclude>
    <ClInclude Include="$(MSBuildThisFileDirectory)..\..\include\XeGame\IGameSoundEntity.h">
      <Filter>include</Filter>
    </ClInclude>
    <ClInclude Include="$(MSBuildThisFileDirectory)..\..\include\XeGame\XeGameEaseFunctions.h">
      <Filter>include</Filter>
    </ClInclude>
    <ClInclude Include="$(MSBuildThisFileDirectory)..\..\include\XeGame\IGameSoundBgmEntity.h">
      <Filter>include</Filter>
    </ClInclude>
    <ClInclude Include="$(MSBuildThisFileDirectory)..\..\include\XeGame\IGameSoundSfxEntity.h">
      <Filter>include</Filter>
    </ClInclude>
    <ClInclude Include="$(MSBuildThisFileDirectory)..\..\include\XeGame\XeGameTimerComponent.h">
      <Filter>include</Filter>
    </ClInclude>
    <ClInclude Include="$(MSBuildThisFileDirectory)CGameSoundBgmEntity.h">
      <Filter>src\SoundManager</Filter>
    </ClInclude>
    <ClInclude Include="$(MSBuildThisFileDirectory)CGameSoundEntity.h">
      <Filter>src\SoundManager</Filter>
    </ClInclude>
    <ClInclude Include="$(MSBuildThisFileDirectory)CGameSoundManager.h">
      <Filter>src\SoundManager</Filter>
    </ClInclude>
    <ClInclude Include="$(MSBuildThisFileDirectory)CGameSoundSfxEntity.h">
      <Filter>src\SoundManager</Filter>
    </ClInclude>
    <ClInclude Include="$(MSBuildThisFileDirectory)XeGameTextureManagerDef.h">
      <Filter>src\TextureManager</Filter>
    </ClInclude>
    <ClInclude Include="$(MSBuildThisFileDirectory)..\..\include\XeGame\XeGameImGuiHandler.h">
      <Filter>include</Filter>
    </ClInclude>
    <ClInclude Include="$(MSBuildThisFileDirectory)..\..\include\XeGame\IGameTilemap2d.h">
      <Filter>include</Filter>
    </ClInclude>
    <ClInclude Include="$(MSBuildThisFileDirectory)..\..\include\XeGame\XeGameTilemap2d.h">
      <Filter>include</Filter>
    </ClInclude>
    <ClInclude Include="$(MSBuildThisFileDirectory)..\..\include\XeGame\IGameDrawing2d.h">
      <Filter>include</Filter>
    </ClInclude>
    <ClInclude Include="$(MSBuildThisFileDirectory)..\..\include\XeGame\XeGameDrawing2d.h">
      <Filter>include</Filter>
    </ClInclude>
    <ClInclude Include="$(MSBuildThisFileDirectory)CGameDrawing2d.h">
      <Filter>src</Filter>
    </ClInclude>
    <ClInclude Include="$(MSBuildThisFileDirectory)CGameTilemap2d.h">
      <Filter>src</Filter>
    </ClInclude>
    <ClInclude Include="$(MSBuildThisFileDirectory)..\..\include\XeGame\XeGameToolsFilePicker.h">
      <Filter>include</Filter>
    </ClInclude>
    <ClInclude Include="$(MSBuildThisFileDirectory)..\..\include\XeGame\XeGameToolsTextureDebugger.h">
      <Filter>include</Filter>
    </ClInclude>
    <ClInclude Include="$(MSBuildThisFileDirectory)..\..\include\XeGame\XeGameToolsFilePicker.h" />
    <ClInclude Include="$(MSBuildThisFileDirectory)..\..\include\XeGame\XeGameToolsTextureDebugger.h" />
    <ClInclude Include="$(MSBuildThisFileDirectory)..\..\include\XeGame\XeGameTiledDocument.h">
      <Filter>include</Filter>
    </ClInclude>
    <ClInclude Include="$(MSBuildThisFileDirectory)..\..\include\XeGame\IGameTilemapLayer.h">
      <Filter>include</Filter>
    </ClInclude>
    <ClInclude Include="$(MSBuildThisFileDirectory)CGameTilemapLayer.h">
      <Filter>src</Filter>
    </ClInclude>
    <ClInclude Include="$(MSBuildThisFileDirectory)..\..\include\XeGame\XeGameToolsTilemapDebugger.h">
      <Filter>include</Filter>
    </ClInclude>
    <ClInclude Include="$(MSBuildThisFileDirectory)..\..\include\XeGame\XeGameAnimationDef.h">
      <Filter>include</Filter>
    </ClInclude>
    <ClInclude Include="$(MSBuildThisFileDirectory)..\..\include\XeGame\IGameAnimationsAnimationGroup.h">
      <Filter>include</Filter>
    </ClInclude>
    <ClInclude Include="$(MSBuildThisFileDirectory)..\..\include\XeGame\XeGameAnimations.h">
      <Filter>include</Filter>
    </ClInclude>
  </ItemGroup>
  <ItemGroup>
    <ClCompile Include="$(MSBuildThisFileDirectory)XeGame.cpp">
      <Filter>src</Filter>
    </ClCompile>
    <ClCompile Include="$(MSBuildThisFileDirectory)pch.cpp">
      <Filter>src</Filter>
    </ClCompile>
    <ClCompile Include="$(MSBuildThisFileDirectory)GamePlatformDummy.cpp">
      <Filter>src</Filter>
    </ClCompile>
    <ClCompile Include="$(MSBuildThisFileDirectory)XeGameTimerComponent.cpp">
      <Filter>src</Filter>
    </ClCompile>
    <ClCompile Include="$(MSBuildThisFileDirectory)CGameSoundBgmEntity.cpp">
      <Filter>src\SoundManager</Filter>
    </ClCompile>
    <ClCompile Include="$(MSBuildThisFileDirectory)CGameSoundEntity.cpp">
      <Filter>src\SoundManager</Filter>
    </ClCompile>
    <ClCompile Include="$(MSBuildThisFileDirectory)CGameSoundManager.cpp">
      <Filter>src\SoundManager</Filter>
    </ClCompile>
    <ClCompile Include="$(MSBuildThisFileDirectory)CGameSoundSfxEntity.cpp">
      <Filter>src\SoundManager</Filter>
    </ClCompile>
    <ClCompile Include="$(MSBuildThisFileDirectory)XeGameTextureManager.cpp">
      <Filter>src\TextureManager</Filter>
    </ClCompile>
    <ClCompile Include="$(MSBuildThisFileDirectory)SimpleTextureManager.cpp">
      <Filter>src\TextureManager</Filter>
    </ClCompile>
    <ClCompile Include="$(MSBuildThisFileDirectory)XeGameImGuiHandler.cpp">
      <Filter>src</Filter>
    </ClCompile>
    <ClCompile Include="$(MSBuildThisFileDirectory)XeGameDrawing2d.cpp">
      <Filter>src</Filter>
    </ClCompile>
    <ClCompile Include="$(MSBuildThisFileDirectory)XeGameToolsTextureDebugger.cpp">
      <Filter>src\Tools</Filter>
    </ClCompile>
    <ClCompile Include="$(MSBuildThisFileDirectory)XeGameToolsFilePicker.cpp">
      <Filter>src\Tools</Filter>
    </ClCompile>
    <ClCompile Include="$(MSBuildThisFileDirectory)XeGameToolsFilePicker.cpp" />
    <ClCompile Include="$(MSBuildThisFileDirectory)XeGameToolsTextureDebugger.cpp" />
    <ClCompile Include="$(MSBuildThisFileDirectory)TiledDocument.cpp">
      <Filter>src\Tiled</Filter>
    </ClCompile>
    <ClCompile Include="$(MSBuildThisFileDirectory)XeGameTilemap2d.Tilemap2d.cpp">
      <Filter>src</Filter>
    </ClCompile>
    <ClCompile Include="$(MSBuildThisFileDirectory)XeGameTilemap2d.cpp">
      <Filter>src</Filter>
    </ClCompile>
    <ClCompile Include="$(MSBuildThisFileDirectory)XeGameTilemap2d.TilemapLayer.cpp">
      <Filter>src</Filter>
    </ClCompile>
    <ClCompile Include="$(MSBuildThisFileDirectory)XeGameToolsTilemapDebugger.cpp">
      <Filter>src\Tools</Filter>
    </ClCompile>
    <ClCompile Include="$(MSBuildThisFileDirectory)XeGameAnimations.Document.cpp">
      <Filter>src\Animations</Filter>
    </ClCompile>
    <ClCompile Include="$(MSBuildThisFileDirectory)XeGameAnimations.AnimGroup.cpp">
      <Filter>src\Animations</Filter>
    </ClCompile>
  </ItemGroup>
</Project>