<?xml version="1.0" encoding="utf-8"?>
<Project ToolsVersion="15.0" xmlns="http://schemas.microsoft.com/developer/msbuild/2003">
  <ItemGroup>
    <Filter Include="Core">
      <UniqueIdentifier>{71bd8950-6046-4ed7-a8fd-1cde4257770a}</UniqueIdentifier>
    </Filter>
  </ItemGroup>
  <ItemGroup>
    <ClCompile Include="XeCoreMain_Uwp.cpp">
      <Filter>Core</Filter>
    </ClCompile>
    <ClCompile Include="CFrameView.Uwp.cpp" />
    <ClCompile Include="XeCoreFrameView.cpp">
      <Filter>Core</Filter>
    </ClCompile>
  </ItemGroup>
  <ItemGroup>
    <ClInclude Include="CFrameView.h" />
    <ClInclude Include="Utilities.h" />
  </ItemGroup>
</Project>